// !$*UTF8*$!
{
	archiveVersion = 1;
	classes = {
	};
	objectVersion = 55;
	objects = {

/* Begin PBXBuildFile section */
		3E1FC9CE28BDED35001DE06B /* Dek_DHomeWorkApp.swift in Sources */ = {isa = PBXBuildFile; fileRef = 3E1FC9CD28BDED35001DE06B /* Dek_DHomeWorkApp.swift */; };
		3E1FC9D028BDED35001DE06B /* HomeView.swift in Sources */ = {isa = PBXBuildFile; fileRef = 3E1FC9CF28BDED35001DE06B /* HomeView.swift */; };
		3E1FC9D228BDED36001DE06B /* Assets.xcassets in Resources */ = {isa = PBXBuildFile; fileRef = 3E1FC9D128BDED36001DE06B /* Assets.xcassets */; };
		3E1FC9D528BDED36001DE06B /* Preview Assets.xcassets in Resources */ = {isa = PBXBuildFile; fileRef = 3E1FC9D428BDED36001DE06B /* Preview Assets.xcassets */; };
		3E54758428BE17A4007DA4CF /* HomeViewModel.swift in Sources */ = {isa = PBXBuildFile; fileRef = 3E54758328BE17A4007DA4CF /* HomeViewModel.swift */; };
		3E54758928BE4B92007DA4CF /* ListCardModel.swift in Sources */ = {isa = PBXBuildFile; fileRef = 3E54758828BE4B92007DA4CF /* ListCardModel.swift */; };
		3E54758C28BE4CEB007DA4CF /* CreateListCardView.swift in Sources */ = {isa = PBXBuildFile; fileRef = 3E54758B28BE4CEB007DA4CF /* CreateListCardView.swift */; };
		3E54758E28BE5055007DA4CF /* CreateListCardViewModel.swift in Sources */ = {isa = PBXBuildFile; fileRef = 3E54758D28BE5055007DA4CF /* CreateListCardViewModel.swift */; };
/* End PBXBuildFile section */

/* Begin PBXFileReference section */
		3E1FC9CA28BDED35001DE06B /* Dek-DHomeWork.app */ = {isa = PBXFileReference; explicitFileType = wrapper.application; includeInIndex = 0; path = "Dek-DHomeWork.app"; sourceTree = BUILT_PRODUCTS_DIR; };
		3E1FC9CD28BDED35001DE06B /* Dek_DHomeWorkApp.swift */ = {isa = PBXFileReference; lastKnownFileType = sourcecode.swift; path = Dek_DHomeWorkApp.swift; sourceTree = "<group>"; };
		3E1FC9CF28BDED35001DE06B /* HomeView.swift */ = {isa = PBXFileReference; lastKnownFileType = sourcecode.swift; path = HomeView.swift; sourceTree = "<group>"; };
		3E1FC9D128BDED36001DE06B /* Assets.xcassets */ = {isa = PBXFileReference; lastKnownFileType = folder.assetcatalog; path = Assets.xcassets; sourceTree = "<group>"; };
		3E1FC9D428BDED36001DE06B /* Preview Assets.xcassets */ = {isa = PBXFileReference; lastKnownFileType = folder.assetcatalog; path = "Preview Assets.xcassets"; sourceTree = "<group>"; };
		3E54758328BE17A4007DA4CF /* HomeViewModel.swift */ = {isa = PBXFileReference; lastKnownFileType = sourcecode.swift; path = HomeViewModel.swift; sourceTree = "<group>"; };
		3E54758828BE4B92007DA4CF /* ListCardModel.swift */ = {isa = PBXFileReference; lastKnownFileType = sourcecode.swift; path = ListCardModel.swift; sourceTree = "<group>"; };
		3E54758B28BE4CEB007DA4CF /* CreateListCardView.swift */ = {isa = PBXFileReference; lastKnownFileType = sourcecode.swift; path = CreateListCardView.swift; sourceTree = "<group>"; };
		3E54758D28BE5055007DA4CF /* CreateListCardViewModel.swift */ = {isa = PBXFileReference; lastKnownFileType = sourcecode.swift; path = CreateListCardViewModel.swift; sourceTree = "<group>"; };
/* End PBXFileReference section */

/* Begin PBXFrameworksBuildPhase section */
		3E1FC9C728BDED35001DE06B /* Frameworks */ = {
			isa = PBXFrameworksBuildPhase;
			buildActionMask = 2147483647;
			files = (
			);
			runOnlyForDeploymentPostprocessing = 0;
		};
/* End PBXFrameworksBuildPhase section */

/* Begin PBXGroup section */
		3E1FC9C128BDED35001DE06B = {
			isa = PBXGroup;
			children = (
				3E1FC9CC28BDED35001DE06B /* src */,
				3E1FC9CB28BDED35001DE06B /* Products */,
			);
			sourceTree = "<group>";
		};
		3E1FC9CB28BDED35001DE06B /* Products */ = {
			isa = PBXGroup;
			children = (
				3E1FC9CA28BDED35001DE06B /* Dek-DHomeWork.app */,
			);
			name = Products;
			sourceTree = "<group>";
		};
		3E1FC9CC28BDED35001DE06B /* src */ = {
			isa = PBXGroup;
			children = (
				3E1FC9CD28BDED35001DE06B /* Dek_DHomeWorkApp.swift */,
				3E54758A28BE4BB0007DA4CF /* Model */,
				3E54758528BE17AB007DA4CF /* Home */,
				3E54758F28BE505C007DA4CF /* CreateListCard */,
				3E1FC9D128BDED36001DE06B /* Assets.xcassets */,
				3E1FC9D328BDED36001DE06B /* Preview Content */,
			);
			path = src;
			sourceTree = "<group>";
		};
		3E1FC9D328BDED36001DE06B /* Preview Content */ = {
			isa = PBXGroup;
			children = (
				3E1FC9D428BDED36001DE06B /* Preview Assets.xcassets */,
			);
			path = "Preview Content";
			sourceTree = "<group>";
		};
		3E54758528BE17AB007DA4CF /* Home */ = {
			isa = PBXGroup;
			children = (
				3E1FC9CF28BDED35001DE06B /* HomeView.swift */,
				3E54758328BE17A4007DA4CF /* HomeViewModel.swift */,
			);
			path = Home;
			sourceTree = "<group>";
		};
		3E54758A28BE4BB0007DA4CF /* Model */ = {
			isa = PBXGroup;
			children = (
				3E54758828BE4B92007DA4CF /* ListCardModel.swift */,
			);
			path = Model;
			sourceTree = "<group>";
		};
		3E54758F28BE505C007DA4CF /* CreateListCard */ = {
			isa = PBXGroup;
			children = (
				3E54758B28BE4CEB007DA4CF /* CreateListCardView.swift */,
				3E54758D28BE5055007DA4CF /* CreateListCardViewModel.swift */,
			);
			path = CreateListCard;
			sourceTree = "<group>";
		};
/* End PBXGroup section */

/* Begin PBXNativeTarget section */
		3E1FC9C928BDED35001DE06B /* Dek-DHomeWork */ = {
			isa = PBXNativeTarget;
			buildConfigurationList = 3E1FC9D828BDED36001DE06B /* Build configuration list for PBXNativeTarget "Dek-DHomeWork" */;
			buildPhases = (
				3E1FC9C628BDED35001DE06B /* Sources */,
				3E1FC9C728BDED35001DE06B /* Frameworks */,
				3E1FC9C828BDED35001DE06B /* Resources */,
			);
			buildRules = (
			);
			dependencies = (
			);
			name = "Dek-DHomeWork";
			productName = "Dek-DHomeWork";
			productReference = 3E1FC9CA28BDED35001DE06B /* Dek-DHomeWork.app */;
			productType = "com.apple.product-type.application";
		};
/* End PBXNativeTarget section */

/* Begin PBXProject section */
		3E1FC9C228BDED35001DE06B /* Project object */ = {
			isa = PBXProject;
			attributes = {
				BuildIndependentTargetsInParallel = 1;
				LastSwiftUpdateCheck = 1340;
				LastUpgradeCheck = 1340;
				TargetAttributes = {
					3E1FC9C928BDED35001DE06B = {
						CreatedOnToolsVersion = 13.4.1;
					};
				};
			};
			buildConfigurationList = 3E1FC9C528BDED35001DE06B /* Build configuration list for PBXProject "Dek-DHomeWork" */;
			compatibilityVersion = "Xcode 13.0";
			developmentRegion = en;
			hasScannedForEncodings = 0;
			knownRegions = (
				en,
				Base,
			);
			mainGroup = 3E1FC9C128BDED35001DE06B;
			productRefGroup = 3E1FC9CB28BDED35001DE06B /* Products */;
			projectDirPath = "";
			projectRoot = "";
			targets = (
				3E1FC9C928BDED35001DE06B /* Dek-DHomeWork */,
			);
		};
/* End PBXProject section */

/* Begin PBXResourcesBuildPhase section */
		3E1FC9C828BDED35001DE06B /* Resources */ = {
			isa = PBXResourcesBuildPhase;
			buildActionMask = 2147483647;
			files = (
				3E1FC9D528BDED36001DE06B /* Preview Assets.xcassets in Resources */,
				3E1FC9D228BDED36001DE06B /* Assets.xcassets in Resources */,
			);
			runOnlyForDeploymentPostprocessing = 0;
		};
/* End PBXResourcesBuildPhase section */

/* Begin PBXSourcesBuildPhase section */
		3E1FC9C628BDED35001DE06B /* Sources */ = {
			isa = PBXSourcesBuildPhase;
			buildActionMask = 2147483647;
			files = (
				3E1FC9D028BDED35001DE06B /* HomeView.swift in Sources */,
				3E54758428BE17A4007DA4CF /* HomeViewModel.swift in Sources */,
				3E54758E28BE5055007DA4CF /* CreateListCardViewModel.swift in Sources */,
				3E1FC9CE28BDED35001DE06B /* Dek_DHomeWorkApp.swift in Sources */,
				3E54758928BE4B92007DA4CF /* ListCardModel.swift in Sources */,
				3E54758C28BE4CEB007DA4CF /* CreateListCardView.swift in Sources */,
			);
			runOnlyForDeploymentPostprocessing = 0;
		};
/* End PBXSourcesBuildPhase section */

/* Begin XCBuildConfiguration section */
		3E1FC9D628BDED36001DE06B /* Debug */ = {
			isa = XCBuildConfiguration;
			buildSettings = {
				ALWAYS_SEARCH_USER_PATHS = NO;
				CLANG_ANALYZER_NONNULL = YES;
				CLANG_ANALYZER_NUMBER_OBJECT_CONVERSION = YES_AGGRESSIVE;
				CLANG_CXX_LANGUAGE_STANDARD = "gnu++17";
				CLANG_ENABLE_MODULES = YES;
				CLANG_ENABLE_OBJC_ARC = YES;
				CLANG_ENABLE_OBJC_WEAK = YES;
				CLANG_WARN_BLOCK_CAPTURE_AUTORELEASING = YES;
				CLANG_WARN_BOOL_CONVERSION = YES;
				CLANG_WARN_COMMA = YES;
				CLANG_WARN_CONSTANT_CONVERSION = YES;
				CLANG_WARN_DEPRECATED_OBJC_IMPLEMENTATIONS = YES;
				CLANG_WARN_DIRECT_OBJC_ISA_USAGE = YES_ERROR;
				CLANG_WARN_DOCUMENTATION_COMMENTS = YES;
				CLANG_WARN_EMPTY_BODY = YES;
				CLANG_WARN_ENUM_CONVERSION = YES;
				CLANG_WARN_INFINITE_RECURSION = YES;
				CLANG_WARN_INT_CONVERSION = YES;
				CLANG_WARN_NON_LITERAL_NULL_CONVERSION = YES;
				CLANG_WARN_OBJC_IMPLICIT_RETAIN_SELF = YES;
				CLANG_WARN_OBJC_LITERAL_CONVERSION = YES;
				CLANG_WARN_OBJC_ROOT_CLASS = YES_ERROR;
				CLANG_WARN_QUOTED_INCLUDE_IN_FRAMEWORK_HEADER = YES;
				CLANG_WARN_RANGE_LOOP_ANALYSIS = YES;
				CLANG_WARN_STRICT_PROTOTYPES = YES;
				CLANG_WARN_SUSPICIOUS_MOVE = YES;
				CLANG_WARN_UNGUARDED_AVAILABILITY = YES_AGGRESSIVE;
				CLANG_WARN_UNREACHABLE_CODE = YES;
				CLANG_WARN__DUPLICATE_METHOD_MATCH = YES;
				COPY_PHASE_STRIP = NO;
				DEBUG_INFORMATION_FORMAT = dwarf;
				ENABLE_STRICT_OBJC_MSGSEND = YES;
				ENABLE_TESTABILITY = YES;
				GCC_C_LANGUAGE_STANDARD = gnu11;
				GCC_DYNAMIC_NO_PIC = NO;
				GCC_NO_COMMON_BLOCKS = YES;
				GCC_OPTIMIZATION_LEVEL = 0;
				GCC_PREPROCESSOR_DEFINITIONS = (
					"DEBUG=1",
					"$(inherited)",
				);
				GCC_WARN_64_TO_32_BIT_CONVERSION = YES;
				GCC_WARN_ABOUT_RETURN_TYPE = YES_ERROR;
				GCC_WARN_UNDECLARED_SELECTOR = YES;
				GCC_WARN_UNINITIALIZED_AUTOS = YES_AGGRESSIVE;
				GCC_WARN_UNUSED_FUNCTION = YES;
				GCC_WARN_UNUSED_VARIABLE = YES;
				IPHONEOS_DEPLOYMENT_TARGET = 15.5;
				MTL_ENABLE_DEBUG_INFO = INCLUDE_SOURCE;
				MTL_FAST_MATH = YES;
				ONLY_ACTIVE_ARCH = YES;
				SDKROOT = iphoneos;
				SWIFT_ACTIVE_COMPILATION_CONDITIONS = DEBUG;
				SWIFT_OPTIMIZATION_LEVEL = "-Onone";
			};
			name = Debug;
		};
		3E1FC9D728BDED36001DE06B /* Release */ = {
			isa = XCBuildConfiguration;
			buildSettings = {
				ALWAYS_SEARCH_USER_PATHS = NO;
				CLANG_ANALYZER_NONNULL = YES;
				CLANG_ANALYZER_NUMBER_OBJECT_CONVERSION = YES_AGGRESSIVE;
				CLANG_CXX_LANGUAGE_STANDARD = "gnu++17";
				CLANG_ENABLE_MODULES = YES;
				CLANG_ENABLE_OBJC_ARC = YES;
				CLANG_ENABLE_OBJC_WEAK = YES;
				CLANG_WARN_BLOCK_CAPTURE_AUTORELEASING = YES;
				CLANG_WARN_BOOL_CONVERSION = YES;
				CLANG_WARN_COMMA = YES;
				CLANG_WARN_CONSTANT_CONVERSION = YES;
				CLANG_WARN_DEPRECATED_OBJC_IMPLEMENTATIONS = YES;
				CLANG_WARN_DIRECT_OBJC_ISA_USAGE = YES_ERROR;
				CLANG_WARN_DOCUMENTATION_COMMENTS = YES;
				CLANG_WARN_EMPTY_BODY = YES;
				CLANG_WARN_ENUM_CONVERSION = YES;
				CLANG_WARN_INFINITE_RECURSION = YES;
				CLANG_WARN_INT_CONVERSION = YES;
				CLANG_WARN_NON_LITERAL_NULL_CONVERSION = YES;
				CLANG_WARN_OBJC_IMPLICIT_RETAIN_SELF = YES;
				CLANG_WARN_OBJC_LITERAL_CONVERSION = YES;
				CLANG_WARN_OBJC_ROOT_CLASS = YES_ERROR;
				CLANG_WARN_QUOTED_INCLUDE_IN_FRAMEWORK_HEADER = YES;
				CLANG_WARN_RANGE_LOOP_ANALYSIS = YES;
				CLANG_WARN_STRICT_PROTOTYPES = YES;
				CLANG_WARN_SUSPICIOUS_MOVE = YES;
				CLANG_WARN_UNGUARDED_AVAILABILITY = YES_AGGRESSIVE;
				CLANG_WARN_UNREACHABLE_CODE = YES;
				CLANG_WARN__DUPLICATE_METHOD_MATCH = YES;
				COPY_PHASE_STRIP = NO;
				DEBUG_INFORMATION_FORMAT = "dwarf-with-dsym";
				ENABLE_NS_ASSERTIONS = NO;
				ENABLE_STRICT_OBJC_MSGSEND = YES;
				GCC_C_LANGUAGE_STANDARD = gnu11;
				GCC_NO_COMMON_BLOCKS = YES;
				GCC_WARN_64_TO_32_BIT_CONVERSION = YES;
				GCC_WARN_ABOUT_RETURN_TYPE = YES_ERROR;
				GCC_WARN_UNDECLARED_SELECTOR = YES;
				GCC_WARN_UNINITIALIZED_AUTOS = YES_AGGRESSIVE;
				GCC_WARN_UNUSED_FUNCTION = YES;
				GCC_WARN_UNUSED_VARIABLE = YES;
				IPHONEOS_DEPLOYMENT_TARGET = 15.5;
				MTL_ENABLE_DEBUG_INFO = NO;
				MTL_FAST_MATH = YES;
				SDKROOT = iphoneos;
				SWIFT_COMPILATION_MODE = wholemodule;
				SWIFT_OPTIMIZATION_LEVEL = "-O";
				VALIDATE_PRODUCT = YES;
			};
			name = Release;
		};
		3E1FC9D928BDED36001DE06B /* Debug */ = {
			isa = XCBuildConfiguration;
			buildSettings = {
				ASSETCATALOG_COMPILER_APPICON_NAME = AppIcon;
				ASSETCATALOG_COMPILER_GLOBAL_ACCENT_COLOR_NAME = AccentColor;
				CODE_SIGN_STYLE = Automatic;
				CURRENT_PROJECT_VERSION = 1;
				DEVELOPMENT_ASSET_PATHS = "\"Dek-DHomeWork/Preview Content\"";
				DEVELOPMENT_TEAM = J59K4XDA39;
				ENABLE_PREVIEWS = YES;
				GENERATE_INFOPLIST_FILE = YES;
				INFOPLIST_KEY_UIApplicationSceneManifest_Generation = YES;
				INFOPLIST_KEY_UIApplicationSupportsIndirectInputEvents = YES;
				INFOPLIST_KEY_UILaunchScreen_Generation = YES;
				INFOPLIST_KEY_UISupportedInterfaceOrientations_iPad = "UIInterfaceOrientationPortrait UIInterfaceOrientationPortraitUpsideDown UIInterfaceOrientationLandscapeLeft UIInterfaceOrientationLandscapeRight";
				INFOPLIST_KEY_UISupportedInterfaceOrientations_iPhone = "UIInterfaceOrientationPortrait UIInterfaceOrientationLandscapeLeft UIInterfaceOrientationLandscapeRight";
				LD_RUNPATH_SEARCH_PATHS = (
					"$(inherited)",
					"@executable_path/Frameworks",
				);
				MARKETING_VERSION = 1.0;
				PRODUCT_BUNDLE_IDENTIFIER = "wisawa.Dek-DHomeWork";
				PRODUCT_NAME = "$(TARGET_NAME)";
				SWIFT_EMIT_LOC_STRINGS = YES;
				SWIFT_VERSION = 5.0;
				TARGETED_DEVICE_FAMILY = "1,2";
			};
			name = Debug;
		};
		3E1FC9DA28BDED36001DE06B /* Release */ = {
			isa = XCBuildConfiguration;
			buildSettings = {
				ASSETCATALOG_COMPILER_APPICON_NAME = AppIcon;
				ASSETCATALOG_COMPILER_GLOBAL_ACCENT_COLOR_NAME = AccentColor;
				CODE_SIGN_STYLE = Automatic;
				CURRENT_PROJECT_VERSION = 1;
				DEVELOPMENT_ASSET_PATHS = "\"Dek-DHomeWork/Preview Content\"";
				DEVELOPMENT_TEAM = J59K4XDA39;
				ENABLE_PREVIEWS = YES;
				GENERATE_INFOPLIST_FILE = YES;
				INFOPLIST_KEY_UIApplicationSceneManifest_Generation = YES;
				INFOPLIST_KEY_UIApplicationSupportsIndirectInputEvents = YES;
				INFOPLIST_KEY_UILaunchScreen_Generation = YES;
				INFOPLIST_KEY_UISupportedInterfaceOrientations_iPad = "UIInterfaceOrientationPortrait UIInterfaceOrientationPortraitUpsideDown UIInterfaceOrientationLandscapeLeft UIInterfaceOrientationLandscapeRight";
				INFOPLIST_KEY_UISupportedInterfaceOrientations_iPhone = "UIInterfaceOrientationPortrait UIInterfaceOrientationLandscapeLeft UIInterfaceOrientationLandscapeRight";
				LD_RUNPATH_SEARCH_PATHS = (
					"$(inherited)",
					"@executable_path/Frameworks",
				);
				MARKETING_VERSION = 1.0;
				PRODUCT_BUNDLE_IDENTIFIER = "wisawa.Dek-DHomeWork";
				PRODUCT_NAME = "$(TARGET_NAME)";
				SWIFT_EMIT_LOC_STRINGS = YES;
				SWIFT_VERSION = 5.0;
				TARGETED_DEVICE_FAMILY = "1,2";
			};
			name = Release;
		};
/* End XCBuildConfiguration section */

/* Begin XCConfigurationList section */
		3E1FC9C528BDED35001DE06B /* Build configuration list for PBXProject "Dek-DHomeWork" */ = {
			isa = XCConfigurationList;
			buildConfigurations = (
				3E1FC9D628BDED36001DE06B /* Debug */,
				3E1FC9D728BDED36001DE06B /* Release */,
			);
			defaultConfigurationIsVisible = 0;
			defaultConfigurationName = Release;
		};
		3E1FC9D828BDED36001DE06B /* Build configuration list for PBXNativeTarget "Dek-DHomeWork" */ = {
			isa = XCConfigurationList;
			buildConfigurations = (
				3E1FC9D928BDED36001DE06B /* Debug */,
				3E1FC9DA28BDED36001DE06B /* Release */,
			);
			defaultConfigurationIsVisible = 0;
			defaultConfigurationName = Release;
		};
/* End XCConfigurationList section */
	};
	rootObject = 3E1FC9C228BDED35001DE06B /* Project object */;
}
